// !$*UTF8*$!
{
	archiveVersion = 1;
	classes = {
	};
	objectVersion = 42;
	objects = {

/* Begin PBXBuildFile section */
		999DE3E0178ACBB8008AA1A4 /* b2BroadPhase.cpp in Sources */ = {isa = PBXBuildFile; fileRef = 999DE366178ACBB8008AA1A4 /* b2BroadPhase.cpp */; };
		999DE3E1178ACBB8008AA1A4 /* b2CollideCircle.cpp in Sources */ = {isa = PBXBuildFile; fileRef = 999DE368178ACBB8008AA1A4 /* b2CollideCircle.cpp */; };
		999DE3E2178ACBB8008AA1A4 /* b2CollideEdge.cpp in Sources */ = {isa = PBXBuildFile; fileRef = 999DE369178ACBB8008AA1A4 /* b2CollideEdge.cpp */; };
		999DE3E3178ACBB8008AA1A4 /* b2CollidePolygon.cpp in Sources */ = {isa = PBXBuildFile; fileRef = 999DE36A178ACBB8008AA1A4 /* b2CollidePolygon.cpp */; };
		999DE3E4178ACBB8008AA1A4 /* b2Collision.cpp in Sources */ = {isa = PBXBuildFile; fileRef = 999DE36B178ACBB8008AA1A4 /* b2Collision.cpp */; };
		999DE3E5178ACBB8008AA1A4 /* b2Distance.cpp in Sources */ = {isa = PBXBuildFile; fileRef = 999DE36D178ACBB8008AA1A4 /* b2Distance.cpp */; };
		999DE3E6178ACBB8008AA1A4 /* b2DynamicTree.cpp in Sources */ = {isa = PBXBuildFile; fileRef = 999DE36F178ACBB8008AA1A4 /* b2DynamicTree.cpp */; };
		999DE3E7178ACBB8008AA1A4 /* b2TimeOfImpact.cpp in Sources */ = {isa = PBXBuildFile; fileRef = 999DE371178ACBB8008AA1A4 /* b2TimeOfImpact.cpp */; };
		999DE3E8178ACBB8008AA1A4 /* b2ChainShape.cpp in Sources */ = {isa = PBXBuildFile; fileRef = 999DE374178ACBB8008AA1A4 /* b2ChainShape.cpp */; };
		999DE3E9178ACBB8008AA1A4 /* b2CircleShape.cpp in Sources */ = {isa = PBXBuildFile; fileRef = 999DE376178ACBB8008AA1A4 /* b2CircleShape.cpp */; };
		999DE3EA178ACBB8008AA1A4 /* b2EdgeShape.cpp in Sources */ = {isa = PBXBuildFile; fileRef = 999DE378178ACBB8008AA1A4 /* b2EdgeShape.cpp */; };
		999DE3EB178ACBB8008AA1A4 /* b2PolygonShape.cpp in Sources */ = {isa = PBXBuildFile; fileRef = 999DE37A178ACBB8008AA1A4 /* b2PolygonShape.cpp */; };
		999DE3EC178ACBB8008AA1A4 /* b2BlockAllocator.cpp in Sources */ = {isa = PBXBuildFile; fileRef = 999DE37E178ACBB8008AA1A4 /* b2BlockAllocator.cpp */; };
		999DE3ED178ACBB8008AA1A4 /* b2Draw.cpp in Sources */ = {isa = PBXBuildFile; fileRef = 999DE380178ACBB8008AA1A4 /* b2Draw.cpp */; };
		999DE3EE178ACBB8008AA1A4 /* b2Math.cpp in Sources */ = {isa = PBXBuildFile; fileRef = 999DE383178ACBB8008AA1A4 /* b2Math.cpp */; };
		999DE3EF178ACBB8008AA1A4 /* b2Settings.cpp in Sources */ = {isa = PBXBuildFile; fileRef = 999DE385178ACBB8008AA1A4 /* b2Settings.cpp */; };
		999DE3F0178ACBB8008AA1A4 /* b2StackAllocator.cpp in Sources */ = {isa = PBXBuildFile; fileRef = 999DE387178ACBB8008AA1A4 /* b2StackAllocator.cpp */; };
		999DE3F1178ACBB8008AA1A4 /* b2Timer.cpp in Sources */ = {isa = PBXBuildFile; fileRef = 999DE389178ACBB8008AA1A4 /* b2Timer.cpp */; };
		999DE3F2178ACBB8008AA1A4 /* b2Body.cpp in Sources */ = {isa = PBXBuildFile; fileRef = 999DE38C178ACBB8008AA1A4 /* b2Body.cpp */; };
		999DE3F3178ACBB8008AA1A4 /* b2ContactManager.cpp in Sources */ = {isa = PBXBuildFile; fileRef = 999DE38E178ACBB8008AA1A4 /* b2ContactManager.cpp */; };
		999DE3F4178ACBB8008AA1A4 /* b2Fixture.cpp in Sources */ = {isa = PBXBuildFile; fileRef = 999DE390178ACBB8008AA1A4 /* b2Fixture.cpp */; };
		999DE3F5178ACBB8008AA1A4 /* b2Island.cpp in Sources */ = {isa = PBXBuildFile; fileRef = 999DE392178ACBB8008AA1A4 /* b2Island.cpp */; };
		999DE3F6178ACBB8008AA1A4 /* b2World.cpp in Sources */ = {isa = PBXBuildFile; fileRef = 999DE395178ACBB8008AA1A4 /* b2World.cpp */; };
		999DE3F7178ACBB8008AA1A4 /* b2WorldCallbacks.cpp in Sources */ = {isa = PBXBuildFile; fileRef = 999DE397178ACBB8008AA1A4 /* b2WorldCallbacks.cpp */; };
		999DE3F8178ACBB8008AA1A4 /* b2ChainAndCircleContact.cpp in Sources */ = {isa = PBXBuildFile; fileRef = 999DE39A178ACBB8008AA1A4 /* b2ChainAndCircleContact.cpp */; };
		999DE3F9178ACBB8008AA1A4 /* b2ChainAndPolygonContact.cpp in Sources */ = {isa = PBXBuildFile; fileRef = 999DE39C178ACBB8008AA1A4 /* b2ChainAndPolygonContact.cpp */; };
		999DE3FA178ACBB8008AA1A4 /* b2CircleContact.cpp in Sources */ = {isa = PBXBuildFile; fileRef = 999DE39E178ACBB8008AA1A4 /* b2CircleContact.cpp */; };
		999DE3FB178ACBB8008AA1A4 /* b2Contact.cpp in Sources */ = {isa = PBXBuildFile; fileRef = 999DE3A0178ACBB8008AA1A4 /* b2Contact.cpp */; };
		999DE3FC178ACBB8008AA1A4 /* b2ContactSolver.cpp in Sources */ = {isa = PBXBuildFile; fileRef = 999DE3A2178ACBB8008AA1A4 /* b2ContactSolver.cpp */; };
		999DE3FD178ACBB8008AA1A4 /* b2EdgeAndCircleContact.cpp in Sources */ = {isa = PBXBuildFile; fileRef = 999DE3A4178ACBB8008AA1A4 /* b2EdgeAndCircleContact.cpp */; };
		999DE3FE178ACBB8008AA1A4 /* b2EdgeAndPolygonContact.cpp in Sources */ = {isa = PBXBuildFile; fileRef = 999DE3A6178ACBB8008AA1A4 /* b2EdgeAndPolygonContact.cpp */; };
		999DE3FF178ACBB8008AA1A4 /* b2PolygonAndCircleContact.cpp in Sources */ = {isa = PBXBuildFile; fileRef = 999DE3A8178ACBB8008AA1A4 /* b2PolygonAndCircleContact.cpp */; };
		999DE400178ACBB8008AA1A4 /* b2PolygonContact.cpp in Sources */ = {isa = PBXBuildFile; fileRef = 999DE3AA178ACBB8008AA1A4 /* b2PolygonContact.cpp */; };
		999DE401178ACBB8008AA1A4 /* b2DistanceJoint.cpp in Sources */ = {isa = PBXBuildFile; fileRef = 999DE3AD178ACBB8008AA1A4 /* b2DistanceJoint.cpp */; };
		999DE402178ACBB8008AA1A4 /* b2FrictionJoint.cpp in Sources */ = {isa = PBXBuildFile; fileRef = 999DE3AF178ACBB8008AA1A4 /* b2FrictionJoint.cpp */; };
		999DE403178ACBB8008AA1A4 /* b2GearJoint.cpp in Sources */ = {isa = PBXBuildFile; fileRef = 999DE3B1178ACBB8008AA1A4 /* b2GearJoint.cpp */; };
		999DE404178ACBB8008AA1A4 /* b2Joint.cpp in Sources */ = {isa = PBXBuildFile; fileRef = 999DE3B3178ACBB8008AA1A4 /* b2Joint.cpp */; };
		999DE405178ACBB8008AA1A4 /* b2MotorJoint.cpp in Sources */ = {isa = PBXBuildFile; fileRef = 999DE3B5178ACBB8008AA1A4 /* b2MotorJoint.cpp */; };
		999DE406178ACBB8008AA1A4 /* b2MouseJoint.cpp in Sources */ = {isa = PBXBuildFile; fileRef = 999DE3B7178ACBB8008AA1A4 /* b2MouseJoint.cpp */; };
		999DE407178ACBB8008AA1A4 /* b2PrismaticJoint.cpp in Sources */ = {isa = PBXBuildFile; fileRef = 999DE3B9178ACBB8008AA1A4 /* b2PrismaticJoint.cpp */; };
		999DE408178ACBB8008AA1A4 /* b2PulleyJoint.cpp in Sources */ = {isa = PBXBuildFile; fileRef = 999DE3BB178ACBB8008AA1A4 /* b2PulleyJoint.cpp */; };
		999DE409178ACBB8008AA1A4 /* b2RevoluteJoint.cpp in Sources */ = {isa = PBXBuildFile; fileRef = 999DE3BD178ACBB8008AA1A4 /* b2RevoluteJoint.cpp */; };
		999DE40A178ACBB8008AA1A4 /* b2RopeJoint.cpp in Sources */ = {isa = PBXBuildFile; fileRef = 999DE3BF178ACBB8008AA1A4 /* b2RopeJoint.cpp */; };
		999DE40B178ACBB8008AA1A4 /* b2WeldJoint.cpp in Sources */ = {isa = PBXBuildFile; fileRef = 999DE3C1178ACBB8008AA1A4 /* b2WeldJoint.cpp */; };
		999DE40C178ACBB8008AA1A4 /* b2WheelJoint.cpp in Sources */ = {isa = PBXBuildFile; fileRef = 999DE3C3178ACBB8008AA1A4 /* b2WheelJoint.cpp */; };
		999DE40D178ACBB8008AA1A4 /* b2Rope.cpp in Sources */ = {isa = PBXBuildFile; fileRef = 999DE3C6178ACBB8008AA1A4 /* b2Rope.cpp */; };
		999DE40E178ACBB8008AA1A4 /* del_impl.cpp in Sources */ = {isa = PBXBuildFile; fileRef = 999DE3CA178ACBB8008AA1A4 /* del_impl.cpp */; };
		999DE40F178ACBB8008AA1A4 /* ofxBox2d.cpp in Sources */ = {isa = PBXBuildFile; fileRef = 999DE3D0178ACBB8008AA1A4 /* ofxBox2d.cpp */; };
		999DE410178ACBB8008AA1A4 /* ofxBox2dBaseShape.cpp in Sources */ = {isa = PBXBuildFile; fileRef = 999DE3D2178ACBB8008AA1A4 /* ofxBox2dBaseShape.cpp */; };
		999DE411178ACBB8008AA1A4 /* ofxBox2dCircle.cpp in Sources */ = {isa = PBXBuildFile; fileRef = 999DE3D4178ACBB8008AA1A4 /* ofxBox2dCircle.cpp */; };
		999DE412178ACBB8008AA1A4 /* ofxBox2dJoint.cpp in Sources */ = {isa = PBXBuildFile; fileRef = 999DE3D7178ACBB8008AA1A4 /* ofxBox2dJoint.cpp */; };
		999DE413178ACBB8008AA1A4 /* ofxBox2dPolygon.cpp in Sources */ = {isa = PBXBuildFile; fileRef = 999DE3D9178ACBB8008AA1A4 /* ofxBox2dPolygon.cpp */; };
		999DE414178ACBB8008AA1A4 /* ofxBox2dRect.cpp in Sources */ = {isa = PBXBuildFile; fileRef = 999DE3DC178ACBB8008AA1A4 /* ofxBox2dRect.cpp */; };
		BBAB23CB13894F3D00AA2426 /* GLUT.framework in CopyFiles */ = {isa = PBXBuildFile; fileRef = BBAB23BE13894E4700AA2426 /* GLUT.framework */; };
		E4328149138ABC9F0047C5CB /* openFrameworksDebug.a in Frameworks */ = {isa = PBXBuildFile; fileRef = E4328148138ABC890047C5CB /* openFrameworksDebug.a */; };
		E45BE97B0E8CC7DD009D7055 /* AGL.framework in Frameworks */ = {isa = PBXBuildFile; fileRef = E45BE9710E8CC7DD009D7055 /* AGL.framework */; };
		E45BE97C0E8CC7DD009D7055 /* ApplicationServices.framework in Frameworks */ = {isa = PBXBuildFile; fileRef = E45BE9720E8CC7DD009D7055 /* ApplicationServices.framework */; };
		E45BE97D0E8CC7DD009D7055 /* AudioToolbox.framework in Frameworks */ = {isa = PBXBuildFile; fileRef = E45BE9730E8CC7DD009D7055 /* AudioToolbox.framework */; };
		E45BE97E0E8CC7DD009D7055 /* Carbon.framework in Frameworks */ = {isa = PBXBuildFile; fileRef = E45BE9740E8CC7DD009D7055 /* Carbon.framework */; };
		E45BE97F0E8CC7DD009D7055 /* CoreAudio.framework in Frameworks */ = {isa = PBXBuildFile; fileRef = E45BE9750E8CC7DD009D7055 /* CoreAudio.framework */; };
		E45BE9800E8CC7DD009D7055 /* CoreFoundation.framework in Frameworks */ = {isa = PBXBuildFile; fileRef = E45BE9760E8CC7DD009D7055 /* CoreFoundation.framework */; };
		E45BE9810E8CC7DD009D7055 /* CoreServices.framework in Frameworks */ = {isa = PBXBuildFile; fileRef = E45BE9770E8CC7DD009D7055 /* CoreServices.framework */; };
		E45BE9830E8CC7DD009D7055 /* OpenGL.framework in Frameworks */ = {isa = PBXBuildFile; fileRef = E45BE9790E8CC7DD009D7055 /* OpenGL.framework */; };
		E45BE9840E8CC7DD009D7055 /* QuickTime.framework in Frameworks */ = {isa = PBXBuildFile; fileRef = E45BE97A0E8CC7DD009D7055 /* QuickTime.framework */; };
		E4B69E200A3A1BDC003C02F2 /* main.cpp in Sources */ = {isa = PBXBuildFile; fileRef = E4B69E1D0A3A1BDC003C02F2 /* main.cpp */; };
		E4B69E210A3A1BDC003C02F2 /* testApp.cpp in Sources */ = {isa = PBXBuildFile; fileRef = E4B69E1E0A3A1BDC003C02F2 /* testApp.cpp */; };
		E4C2424710CC5A17004149E2 /* AppKit.framework in Frameworks */ = {isa = PBXBuildFile; fileRef = E4C2424410CC5A17004149E2 /* AppKit.framework */; };
		E4C2424810CC5A17004149E2 /* Cocoa.framework in Frameworks */ = {isa = PBXBuildFile; fileRef = E4C2424510CC5A17004149E2 /* Cocoa.framework */; };
		E4C2424910CC5A17004149E2 /* IOKit.framework in Frameworks */ = {isa = PBXBuildFile; fileRef = E4C2424610CC5A17004149E2 /* IOKit.framework */; };
		E4EB6799138ADC1D00A09F29 /* GLUT.framework in Frameworks */ = {isa = PBXBuildFile; fileRef = BBAB23BE13894E4700AA2426 /* GLUT.framework */; };
/* End PBXBuildFile section */

/* Begin PBXContainerItemProxy section */
		E4328147138ABC890047C5CB /* PBXContainerItemProxy */ = {
			isa = PBXContainerItemProxy;
			containerPortal = E4328143138ABC890047C5CB /* openFrameworksLib.xcodeproj */;
			proxyType = 2;
			remoteGlobalIDString = E4B27C1510CBEB8E00536013;
			remoteInfo = openFrameworks;
		};
		E4EEB9AB138B136A00A80321 /* PBXContainerItemProxy */ = {
			isa = PBXContainerItemProxy;
			containerPortal = E4328143138ABC890047C5CB /* openFrameworksLib.xcodeproj */;
			proxyType = 1;
			remoteGlobalIDString = E4B27C1410CBEB8E00536013;
			remoteInfo = openFrameworks;
		};
/* End PBXContainerItemProxy section */

/* Begin PBXCopyFilesBuildPhase section */
		E4C2427710CC5ABF004149E2 /* CopyFiles */ = {
			isa = PBXCopyFilesBuildPhase;
			buildActionMask = 2147483647;
			dstPath = "";
			dstSubfolderSpec = 10;
			files = (
				BBAB23CB13894F3D00AA2426 /* GLUT.framework in CopyFiles */,
			);
			runOnlyForDeploymentPostprocessing = 0;
		};
/* End PBXCopyFilesBuildPhase section */

/* Begin PBXFileReference section */
		999DE364178ACBB8008AA1A4 /* Box2D.h */ = {isa = PBXFileReference; fileEncoding = 4; lastKnownFileType = sourcecode.c.h; path = Box2D.h; sourceTree = "<group>"; };
		999DE366178ACBB8008AA1A4 /* b2BroadPhase.cpp */ = {isa = PBXFileReference; fileEncoding = 4; lastKnownFileType = sourcecode.cpp.cpp; path = b2BroadPhase.cpp; sourceTree = "<group>"; };
		999DE367178ACBB8008AA1A4 /* b2BroadPhase.h */ = {isa = PBXFileReference; fileEncoding = 4; lastKnownFileType = sourcecode.c.h; path = b2BroadPhase.h; sourceTree = "<group>"; };
		999DE368178ACBB8008AA1A4 /* b2CollideCircle.cpp */ = {isa = PBXFileReference; fileEncoding = 4; lastKnownFileType = sourcecode.cpp.cpp; path = b2CollideCircle.cpp; sourceTree = "<group>"; };
		999DE369178ACBB8008AA1A4 /* b2CollideEdge.cpp */ = {isa = PBXFileReference; fileEncoding = 4; lastKnownFileType = sourcecode.cpp.cpp; path = b2CollideEdge.cpp; sourceTree = "<group>"; };
		999DE36A178ACBB8008AA1A4 /* b2CollidePolygon.cpp */ = {isa = PBXFileReference; fileEncoding = 4; lastKnownFileType = sourcecode.cpp.cpp; path = b2CollidePolygon.cpp; sourceTree = "<group>"; };
		999DE36B178ACBB8008AA1A4 /* b2Collision.cpp */ = {isa = PBXFileReference; fileEncoding = 4; lastKnownFileType = sourcecode.cpp.cpp; path = b2Collision.cpp; sourceTree = "<group>"; };
		999DE36C178ACBB8008AA1A4 /* b2Collision.h */ = {isa = PBXFileReference; fileEncoding = 4; lastKnownFileType = sourcecode.c.h; path = b2Collision.h; sourceTree = "<group>"; };
		999DE36D178ACBB8008AA1A4 /* b2Distance.cpp */ = {isa = PBXFileReference; fileEncoding = 4; lastKnownFileType = sourcecode.cpp.cpp; path = b2Distance.cpp; sourceTree = "<group>"; };
		999DE36E178ACBB8008AA1A4 /* b2Distance.h */ = {isa = PBXFileReference; fileEncoding = 4; lastKnownFileType = sourcecode.c.h; path = b2Distance.h; sourceTree = "<group>"; };
		999DE36F178ACBB8008AA1A4 /* b2DynamicTree.cpp */ = {isa = PBXFileReference; fileEncoding = 4; lastKnownFileType = sourcecode.cpp.cpp; path = b2DynamicTree.cpp; sourceTree = "<group>"; };
		999DE370178ACBB8008AA1A4 /* b2DynamicTree.h */ = {isa = PBXFileReference; fileEncoding = 4; lastKnownFileType = sourcecode.c.h; path = b2DynamicTree.h; sourceTree = "<group>"; };
		999DE371178ACBB8008AA1A4 /* b2TimeOfImpact.cpp */ = {isa = PBXFileReference; fileEncoding = 4; lastKnownFileType = sourcecode.cpp.cpp; path = b2TimeOfImpact.cpp; sourceTree = "<group>"; };
		999DE372178ACBB8008AA1A4 /* b2TimeOfImpact.h */ = {isa = PBXFileReference; fileEncoding = 4; lastKnownFileType = sourcecode.c.h; path = b2TimeOfImpact.h; sourceTree = "<group>"; };
		999DE374178ACBB8008AA1A4 /* b2ChainShape.cpp */ = {isa = PBXFileReference; fileEncoding = 4; lastKnownFileType = sourcecode.cpp.cpp; path = b2ChainShape.cpp; sourceTree = "<group>"; };
		999DE375178ACBB8008AA1A4 /* b2ChainShape.h */ = {isa = PBXFileReference; fileEncoding = 4; lastKnownFileType = sourcecode.c.h; path = b2ChainShape.h; sourceTree = "<group>"; };
		999DE376178ACBB8008AA1A4 /* b2CircleShape.cpp */ = {isa = PBXFileReference; fileEncoding = 4; lastKnownFileType = sourcecode.cpp.cpp; path = b2CircleShape.cpp; sourceTree = "<group>"; };
		999DE377178ACBB8008AA1A4 /* b2CircleShape.h */ = {isa = PBXFileReference; fileEncoding = 4; lastKnownFileType = sourcecode.c.h; path = b2CircleShape.h; sourceTree = "<group>"; };
		999DE378178ACBB8008AA1A4 /* b2EdgeShape.cpp */ = {isa = PBXFileReference; fileEncoding = 4; lastKnownFileType = sourcecode.cpp.cpp; path = b2EdgeShape.cpp; sourceTree = "<group>"; };
		999DE379178ACBB8008AA1A4 /* b2EdgeShape.h */ = {isa = PBXFileReference; fileEncoding = 4; lastKnownFileType = sourcecode.c.h; path = b2EdgeShape.h; sourceTree = "<group>"; };
		999DE37A178ACBB8008AA1A4 /* b2PolygonShape.cpp */ = {isa = PBXFileReference; fileEncoding = 4; lastKnownFileType = sourcecode.cpp.cpp; path = b2PolygonShape.cpp; sourceTree = "<group>"; };
		999DE37B178ACBB8008AA1A4 /* b2PolygonShape.h */ = {isa = PBXFileReference; fileEncoding = 4; lastKnownFileType = sourcecode.c.h; path = b2PolygonShape.h; sourceTree = "<group>"; };
		999DE37C178ACBB8008AA1A4 /* b2Shape.h */ = {isa = PBXFileReference; fileEncoding = 4; lastKnownFileType = sourcecode.c.h; path = b2Shape.h; sourceTree = "<group>"; };
		999DE37E178ACBB8008AA1A4 /* b2BlockAllocator.cpp */ = {isa = PBXFileReference; fileEncoding = 4; lastKnownFileType = sourcecode.cpp.cpp; path = b2BlockAllocator.cpp; sourceTree = "<group>"; };
		999DE37F178ACBB8008AA1A4 /* b2BlockAllocator.h */ = {isa = PBXFileReference; fileEncoding = 4; lastKnownFileType = sourcecode.c.h; path = b2BlockAllocator.h; sourceTree = "<group>"; };
		999DE380178ACBB8008AA1A4 /* b2Draw.cpp */ = {isa = PBXFileReference; fileEncoding = 4; lastKnownFileType = sourcecode.cpp.cpp; path = b2Draw.cpp; sourceTree = "<group>"; };
		999DE381178ACBB8008AA1A4 /* b2Draw.h */ = {isa = PBXFileReference; fileEncoding = 4; lastKnownFileType = sourcecode.c.h; path = b2Draw.h; sourceTree = "<group>"; };
		999DE382178ACBB8008AA1A4 /* b2GrowableStack.h */ = {isa = PBXFileReference; fileEncoding = 4; lastKnownFileType = sourcecode.c.h; path = b2GrowableStack.h; sourceTree = "<group>"; };
		999DE383178ACBB8008AA1A4 /* b2Math.cpp */ = {isa = PBXFileReference; fileEncoding = 4; lastKnownFileType = sourcecode.cpp.cpp; path = b2Math.cpp; sourceTree = "<group>"; };
		999DE384178ACBB8008AA1A4 /* b2Math.h */ = {isa = PBXFileReference; fileEncoding = 4; lastKnownFileType = sourcecode.c.h; path = b2Math.h; sourceTree = "<group>"; };
		999DE385178ACBB8008AA1A4 /* b2Settings.cpp */ = {isa = PBXFileReference; fileEncoding = 4; lastKnownFileType = sourcecode.cpp.cpp; path = b2Settings.cpp; sourceTree = "<group>"; };
		999DE386178ACBB8008AA1A4 /* b2Settings.h */ = {isa = PBXFileReference; fileEncoding = 4; lastKnownFileType = sourcecode.c.h; path = b2Settings.h; sourceTree = "<group>"; };
		999DE387178ACBB8008AA1A4 /* b2StackAllocator.cpp */ = {isa = PBXFileReference; fileEncoding = 4; lastKnownFileType = sourcecode.cpp.cpp; path = b2StackAllocator.cpp; sourceTree = "<group>"; };
		999DE388178ACBB8008AA1A4 /* b2StackAllocator.h */ = {isa = PBXFileReference; fileEncoding = 4; lastKnownFileType = sourcecode.c.h; path = b2StackAllocator.h; sourceTree = "<group>"; };
		999DE389178ACBB8008AA1A4 /* b2Timer.cpp */ = {isa = PBXFileReference; fileEncoding = 4; lastKnownFileType = sourcecode.cpp.cpp; path = b2Timer.cpp; sourceTree = "<group>"; };
		999DE38A178ACBB8008AA1A4 /* b2Timer.h */ = {isa = PBXFileReference; fileEncoding = 4; lastKnownFileType = sourcecode.c.h; path = b2Timer.h; sourceTree = "<group>"; };
		999DE38C178ACBB8008AA1A4 /* b2Body.cpp */ = {isa = PBXFileReference; fileEncoding = 4; lastKnownFileType = sourcecode.cpp.cpp; path = b2Body.cpp; sourceTree = "<group>"; };
		999DE38D178ACBB8008AA1A4 /* b2Body.h */ = {isa = PBXFileReference; fileEncoding = 4; lastKnownFileType = sourcecode.c.h; path = b2Body.h; sourceTree = "<group>"; };
		999DE38E178ACBB8008AA1A4 /* b2ContactManager.cpp */ = {isa = PBXFileReference; fileEncoding = 4; lastKnownFileType = sourcecode.cpp.cpp; path = b2ContactManager.cpp; sourceTree = "<group>"; };
		999DE38F178ACBB8008AA1A4 /* b2ContactManager.h */ = {isa = PBXFileReference; fileEncoding = 4; lastKnownFileType = sourcecode.c.h; path = b2ContactManager.h; sourceTree = "<group>"; };
		999DE390178ACBB8008AA1A4 /* b2Fixture.cpp */ = {isa = PBXFileReference; fileEncoding = 4; lastKnownFileType = sourcecode.cpp.cpp; path = b2Fixture.cpp; sourceTree = "<group>"; };
		999DE391178ACBB8008AA1A4 /* b2Fixture.h */ = {isa = PBXFileReference; fileEncoding = 4; lastKnownFileType = sourcecode.c.h; path = b2Fixture.h; sourceTree = "<group>"; };
		999DE392178ACBB8008AA1A4 /* b2Island.cpp */ = {isa = PBXFileReference; fileEncoding = 4; lastKnownFileType = sourcecode.cpp.cpp; path = b2Island.cpp; sourceTree = "<group>"; };
		999DE393178ACBB8008AA1A4 /* b2Island.h */ = {isa = PBXFileReference; fileEncoding = 4; lastKnownFileType = sourcecode.c.h; path = b2Island.h; sourceTree = "<group>"; };
		999DE394178ACBB8008AA1A4 /* b2TimeStep.h */ = {isa = PBXFileReference; fileEncoding = 4; lastKnownFileType = sourcecode.c.h; path = b2TimeStep.h; sourceTree = "<group>"; };
		999DE395178ACBB8008AA1A4 /* b2World.cpp */ = {isa = PBXFileReference; fileEncoding = 4; lastKnownFileType = sourcecode.cpp.cpp; path = b2World.cpp; sourceTree = "<group>"; };
		999DE396178ACBB8008AA1A4 /* b2World.h */ = {isa = PBXFileReference; fileEncoding = 4; lastKnownFileType = sourcecode.c.h; path = b2World.h; sourceTree = "<group>"; };
		999DE397178ACBB8008AA1A4 /* b2WorldCallbacks.cpp */ = {isa = PBXFileReference; fileEncoding = 4; lastKnownFileType = sourcecode.cpp.cpp; path = b2WorldCallbacks.cpp; sourceTree = "<group>"; };
		999DE398178ACBB8008AA1A4 /* b2WorldCallbacks.h */ = {isa = PBXFileReference; fileEncoding = 4; lastKnownFileType = sourcecode.c.h; path = b2WorldCallbacks.h; sourceTree = "<group>"; };
		999DE39A178ACBB8008AA1A4 /* b2ChainAndCircleContact.cpp */ = {isa = PBXFileReference; fileEncoding = 4; lastKnownFileType = sourcecode.cpp.cpp; path = b2ChainAndCircleContact.cpp; sourceTree = "<group>"; };
		999DE39B178ACBB8008AA1A4 /* b2ChainAndCircleContact.h */ = {isa = PBXFileReference; fileEncoding = 4; lastKnownFileType = sourcecode.c.h; path = b2ChainAndCircleContact.h; sourceTree = "<group>"; };
		999DE39C178ACBB8008AA1A4 /* b2ChainAndPolygonContact.cpp */ = {isa = PBXFileReference; fileEncoding = 4; lastKnownFileType = sourcecode.cpp.cpp; path = b2ChainAndPolygonContact.cpp; sourceTree = "<group>"; };
		999DE39D178ACBB8008AA1A4 /* b2ChainAndPolygonContact.h */ = {isa = PBXFileReference; fileEncoding = 4; lastKnownFileType = sourcecode.c.h; path = b2ChainAndPolygonContact.h; sourceTree = "<group>"; };
		999DE39E178ACBB8008AA1A4 /* b2CircleContact.cpp */ = {isa = PBXFileReference; fileEncoding = 4; lastKnownFileType = sourcecode.cpp.cpp; path = b2CircleContact.cpp; sourceTree = "<group>"; };
		999DE39F178ACBB8008AA1A4 /* b2CircleContact.h */ = {isa = PBXFileReference; fileEncoding = 4; lastKnownFileType = sourcecode.c.h; path = b2CircleContact.h; sourceTree = "<group>"; };
		999DE3A0178ACBB8008AA1A4 /* b2Contact.cpp */ = {isa = PBXFileReference; fileEncoding = 4; lastKnownFileType = sourcecode.cpp.cpp; path = b2Contact.cpp; sourceTree = "<group>"; };
		999DE3A1178ACBB8008AA1A4 /* b2Contact.h */ = {isa = PBXFileReference; fileEncoding = 4; lastKnownFileType = sourcecode.c.h; path = b2Contact.h; sourceTree = "<group>"; };
		999DE3A2178ACBB8008AA1A4 /* b2ContactSolver.cpp */ = {isa = PBXFileReference; fileEncoding = 4; lastKnownFileType = sourcecode.cpp.cpp; path = b2ContactSolver.cpp; sourceTree = "<group>"; };
		999DE3A3178ACBB8008AA1A4 /* b2ContactSolver.h */ = {isa = PBXFileReference; fileEncoding = 4; lastKnownFileType = sourcecode.c.h; path = b2ContactSolver.h; sourceTree = "<group>"; };
		999DE3A4178ACBB8008AA1A4 /* b2EdgeAndCircleContact.cpp */ = {isa = PBXFileReference; fileEncoding = 4; lastKnownFileType = sourcecode.cpp.cpp; path = b2EdgeAndCircleContact.cpp; sourceTree = "<group>"; };
		999DE3A5178ACBB8008AA1A4 /* b2EdgeAndCircleContact.h */ = {isa = PBXFileReference; fileEncoding = 4; lastKnownFileType = sourcecode.c.h; path = b2EdgeAndCircleContact.h; sourceTree = "<group>"; };
		999DE3A6178ACBB8008AA1A4 /* b2EdgeAndPolygonContact.cpp */ = {isa = PBXFileReference; fileEncoding = 4; lastKnownFileType = sourcecode.cpp.cpp; path = b2EdgeAndPolygonContact.cpp; sourceTree = "<group>"; };
		999DE3A7178ACBB8008AA1A4 /* b2EdgeAndPolygonContact.h */ = {isa = PBXFileReference; fileEncoding = 4; lastKnownFileType = sourcecode.c.h; path = b2EdgeAndPolygonContact.h; sourceTree = "<group>"; };
		999DE3A8178ACBB8008AA1A4 /* b2PolygonAndCircleContact.cpp */ = {isa = PBXFileReference; fileEncoding = 4; lastKnownFileType = sourcecode.cpp.cpp; path = b2PolygonAndCircleContact.cpp; sourceTree = "<group>"; };
		999DE3A9178ACBB8008AA1A4 /* b2PolygonAndCircleContact.h */ = {isa = PBXFileReference; fileEncoding = 4; lastKnownFileType = sourcecode.c.h; path = b2PolygonAndCircleContact.h; sourceTree = "<group>"; };
		999DE3AA178ACBB8008AA1A4 /* b2PolygonContact.cpp */ = {isa = PBXFileReference; fileEncoding = 4; lastKnownFileType = sourcecode.cpp.cpp; path = b2PolygonContact.cpp; sourceTree = "<group>"; };
		999DE3AB178ACBB8008AA1A4 /* b2PolygonContact.h */ = {isa = PBXFileReference; fileEncoding = 4; lastKnownFileType = sourcecode.c.h; path = b2PolygonContact.h; sourceTree = "<group>"; };
		999DE3AD178ACBB8008AA1A4 /* b2DistanceJoint.cpp */ = {isa = PBXFileReference; fileEncoding = 4; lastKnownFileType = sourcecode.cpp.cpp; path = b2DistanceJoint.cpp; sourceTree = "<group>"; };
		999DE3AE178ACBB8008AA1A4 /* b2DistanceJoint.h */ = {isa = PBXFileReference; fileEncoding = 4; lastKnownFileType = sourcecode.c.h; path = b2DistanceJoint.h; sourceTree = "<group>"; };
		999DE3AF178ACBB8008AA1A4 /* b2FrictionJoint.cpp */ = {isa = PBXFileReference; fileEncoding = 4; lastKnownFileType = sourcecode.cpp.cpp; path = b2FrictionJoint.cpp; sourceTree = "<group>"; };
		999DE3B0178ACBB8008AA1A4 /* b2FrictionJoint.h */ = {isa = PBXFileReference; fileEncoding = 4; lastKnownFileType = sourcecode.c.h; path = b2FrictionJoint.h; sourceTree = "<group>"; };
		999DE3B1178ACBB8008AA1A4 /* b2GearJoint.cpp */ = {isa = PBXFileReference; fileEncoding = 4; lastKnownFileType = sourcecode.cpp.cpp; path = b2GearJoint.cpp; sourceTree = "<group>"; };
		999DE3B2178ACBB8008AA1A4 /* b2GearJoint.h */ = {isa = PBXFileReference; fileEncoding = 4; lastKnownFileType = sourcecode.c.h; path = b2GearJoint.h; sourceTree = "<group>"; };
		999DE3B3178ACBB8008AA1A4 /* b2Joint.cpp */ = {isa = PBXFileReference; fileEncoding = 4; lastKnownFileType = sourcecode.cpp.cpp; path = b2Joint.cpp; sourceTree = "<group>"; };
		999DE3B4178ACBB8008AA1A4 /* b2Joint.h */ = {isa = PBXFileReference; fileEncoding = 4; lastKnownFileType = sourcecode.c.h; path = b2Joint.h; sourceTree = "<group>"; };
		999DE3B5178ACBB8008AA1A4 /* b2MotorJoint.cpp */ = {isa = PBXFileReference; fileEncoding = 4; lastKnownFileType = sourcecode.cpp.cpp; path = b2MotorJoint.cpp; sourceTree = "<group>"; };
		999DE3B6178ACBB8008AA1A4 /* b2MotorJoint.h */ = {isa = PBXFileReference; fileEncoding = 4; lastKnownFileType = sourcecode.c.h; path = b2MotorJoint.h; sourceTree = "<group>"; };
		999DE3B7178ACBB8008AA1A4 /* b2MouseJoint.cpp */ = {isa = PBXFileReference; fileEncoding = 4; lastKnownFileType = sourcecode.cpp.cpp; path = b2MouseJoint.cpp; sourceTree = "<group>"; };
		999DE3B8178ACBB8008AA1A4 /* b2MouseJoint.h */ = {isa = PBXFileReference; fileEncoding = 4; lastKnownFileType = sourcecode.c.h; path = b2MouseJoint.h; sourceTree = "<group>"; };
		999DE3B9178ACBB8008AA1A4 /* b2PrismaticJoint.cpp */ = {isa = PBXFileReference; fileEncoding = 4; lastKnownFileType = sourcecode.cpp.cpp; path = b2PrismaticJoint.cpp; sourceTree = "<group>"; };
		999DE3BA178ACBB8008AA1A4 /* b2PrismaticJoint.h */ = {isa = PBXFileReference; fileEncoding = 4; lastKnownFileType = sourcecode.c.h; path = b2PrismaticJoint.h; sourceTree = "<group>"; };
		999DE3BB178ACBB8008AA1A4 /* b2PulleyJoint.cpp */ = {isa = PBXFileReference; fileEncoding = 4; lastKnownFileType = sourcecode.cpp.cpp; path = b2PulleyJoint.cpp; sourceTree = "<group>"; };
		999DE3BC178ACBB8008AA1A4 /* b2PulleyJoint.h */ = {isa = PBXFileReference; fileEncoding = 4; lastKnownFileType = sourcecode.c.h; path = b2PulleyJoint.h; sourceTree = "<group>"; };
		999DE3BD178ACBB8008AA1A4 /* b2RevoluteJoint.cpp */ = {isa = PBXFileReference; fileEncoding = 4; lastKnownFileType = sourcecode.cpp.cpp; path = b2RevoluteJoint.cpp; sourceTree = "<group>"; };
		999DE3BE178ACBB8008AA1A4 /* b2RevoluteJoint.h */ = {isa = PBXFileReference; fileEncoding = 4; lastKnownFileType = sourcecode.c.h; path = b2RevoluteJoint.h; sourceTree = "<group>"; };
		999DE3BF178ACBB8008AA1A4 /* b2RopeJoint.cpp */ = {isa = PBXFileReference; fileEncoding = 4; lastKnownFileType = sourcecode.cpp.cpp; path = b2RopeJoint.cpp; sourceTree = "<group>"; };
		999DE3C0178ACBB8008AA1A4 /* b2RopeJoint.h */ = {isa = PBXFileReference; fileEncoding = 4; lastKnownFileType = sourcecode.c.h; path = b2RopeJoint.h; sourceTree = "<group>"; };
		999DE3C1178ACBB8008AA1A4 /* b2WeldJoint.cpp */ = {isa = PBXFileReference; fileEncoding = 4; lastKnownFileType = sourcecode.cpp.cpp; path = b2WeldJoint.cpp; sourceTree = "<group>"; };
		999DE3C2178ACBB8008AA1A4 /* b2WeldJoint.h */ = {isa = PBXFileReference; fileEncoding = 4; lastKnownFileType = sourcecode.c.h; path = b2WeldJoint.h; sourceTree = "<group>"; };
		999DE3C3178ACBB8008AA1A4 /* b2WheelJoint.cpp */ = {isa = PBXFileReference; fileEncoding = 4; lastKnownFileType = sourcecode.cpp.cpp; path = b2WheelJoint.cpp; sourceTree = "<group>"; };
		999DE3C4178ACBB8008AA1A4 /* b2WheelJoint.h */ = {isa = PBXFileReference; fileEncoding = 4; lastKnownFileType = sourcecode.c.h; path = b2WheelJoint.h; sourceTree = "<group>"; };
		999DE3C6178ACBB8008AA1A4 /* b2Rope.cpp */ = {isa = PBXFileReference; fileEncoding = 4; lastKnownFileType = sourcecode.cpp.cpp; path = b2Rope.cpp; sourceTree = "<group>"; };
		999DE3C7178ACBB8008AA1A4 /* b2Rope.h */ = {isa = PBXFileReference; fileEncoding = 4; lastKnownFileType = sourcecode.c.h; path = b2Rope.h; sourceTree = "<group>"; };
		999DE3C9178ACBB8008AA1A4 /* assert.hpp */ = {isa = PBXFileReference; fileEncoding = 4; lastKnownFileType = sourcecode.cpp.h; path = assert.hpp; sourceTree = "<group>"; };
		999DE3CA178ACBB8008AA1A4 /* del_impl.cpp */ = {isa = PBXFileReference; fileEncoding = 4; lastKnownFileType = sourcecode.cpp.cpp; path = del_impl.cpp; sourceTree = "<group>"; };
		999DE3CB178ACBB8008AA1A4 /* del_interface.hpp */ = {isa = PBXFileReference; fileEncoding = 4; lastKnownFileType = sourcecode.cpp.h; path = del_interface.hpp; sourceTree = "<group>"; };
		999DE3CC178ACBB8008AA1A4 /* dpoint.hpp */ = {isa = PBXFileReference; fileEncoding = 4; lastKnownFileType = sourcecode.cpp.h; path = dpoint.hpp; sourceTree = "<group>"; };
		999DE3CD178ACBB8008AA1A4 /* triangle.h */ = {isa = PBXFileReference; fileEncoding = 4; lastKnownFileType = sourcecode.c.h; path = triangle.h; sourceTree = "<group>"; };
		999DE3CE178ACBB8008AA1A4 /* triangle_impl.hpp */ = {isa = PBXFileReference; fileEncoding = 4; lastKnownFileType = sourcecode.cpp.h; path = triangle_impl.hpp; sourceTree = "<group>"; };
		999DE3D0178ACBB8008AA1A4 /* ofxBox2d.cpp */ = {isa = PBXFileReference; fileEncoding = 4; lastKnownFileType = sourcecode.cpp.cpp; path = ofxBox2d.cpp; sourceTree = "<group>"; };
		999DE3D1178ACBB8008AA1A4 /* ofxBox2d.h */ = {isa = PBXFileReference; fileEncoding = 4; lastKnownFileType = sourcecode.c.h; path = ofxBox2d.h; sourceTree = "<group>"; };
		999DE3D2178ACBB8008AA1A4 /* ofxBox2dBaseShape.cpp */ = {isa = PBXFileReference; fileEncoding = 4; lastKnownFileType = sourcecode.cpp.cpp; path = ofxBox2dBaseShape.cpp; sourceTree = "<group>"; };
		999DE3D3178ACBB8008AA1A4 /* ofxBox2dBaseShape.h */ = {isa = PBXFileReference; fileEncoding = 4; lastKnownFileType = sourcecode.c.h; path = ofxBox2dBaseShape.h; sourceTree = "<group>"; };
		999DE3D4178ACBB8008AA1A4 /* ofxBox2dCircle.cpp */ = {isa = PBXFileReference; fileEncoding = 4; lastKnownFileType = sourcecode.cpp.cpp; path = ofxBox2dCircle.cpp; sourceTree = "<group>"; };
		999DE3D5178ACBB8008AA1A4 /* ofxBox2dCircle.h */ = {isa = PBXFileReference; fileEncoding = 4; lastKnownFileType = sourcecode.c.h; path = ofxBox2dCircle.h; sourceTree = "<group>"; };
		999DE3D6178ACBB8008AA1A4 /* ofxBox2dContactListener.h */ = {isa = PBXFileReference; fileEncoding = 4; lastKnownFileType = sourcecode.c.h; path = ofxBox2dContactListener.h; sourceTree = "<group>"; };
		999DE3D7178ACBB8008AA1A4 /* ofxBox2dJoint.cpp */ = {isa = PBXFileReference; fileEncoding = 4; lastKnownFileType = sourcecode.cpp.cpp; path = ofxBox2dJoint.cpp; sourceTree = "<group>"; };
		999DE3D8178ACBB8008AA1A4 /* ofxBox2dJoint.h */ = {isa = PBXFileReference; fileEncoding = 4; lastKnownFileType = sourcecode.c.h; path = ofxBox2dJoint.h; sourceTree = "<group>"; };
		999DE3D9178ACBB8008AA1A4 /* ofxBox2dPolygon.cpp */ = {isa = PBXFileReference; fileEncoding = 4; lastKnownFileType = sourcecode.cpp.cpp; path = ofxBox2dPolygon.cpp; sourceTree = "<group>"; };
		999DE3DA178ACBB8008AA1A4 /* ofxBox2dPolygon.h */ = {isa = PBXFileReference; fileEncoding = 4; lastKnownFileType = sourcecode.c.h; path = ofxBox2dPolygon.h; sourceTree = "<group>"; };
		999DE3DB178ACBB8008AA1A4 /* ofxBox2dPolygonUtils.h */ = {isa = PBXFileReference; fileEncoding = 4; lastKnownFileType = sourcecode.c.h; path = ofxBox2dPolygonUtils.h; sourceTree = "<group>"; };
		999DE3DC178ACBB8008AA1A4 /* ofxBox2dRect.cpp */ = {isa = PBXFileReference; fileEncoding = 4; lastKnownFileType = sourcecode.cpp.cpp; path = ofxBox2dRect.cpp; sourceTree = "<group>"; };
		999DE3DD178ACBB8008AA1A4 /* ofxBox2dRect.h */ = {isa = PBXFileReference; fileEncoding = 4; lastKnownFileType = sourcecode.c.h; path = ofxBox2dRect.h; sourceTree = "<group>"; };
		999DE3DE178ACBB8008AA1A4 /* ofxBox2dRender.h */ = {isa = PBXFileReference; fileEncoding = 4; lastKnownFileType = sourcecode.c.h; path = ofxBox2dRender.h; sourceTree = "<group>"; };
		999DE3DF178ACBB8008AA1A4 /* ofxBox2dUtils.h */ = {isa = PBXFileReference; fileEncoding = 4; lastKnownFileType = sourcecode.c.h; path = ofxBox2dUtils.h; sourceTree = "<group>"; };
		BBAB23BE13894E4700AA2426 /* GLUT.framework */ = {isa = PBXFileReference; lastKnownFileType = wrapper.framework; name = GLUT.framework; path = ../../../libs/glut/lib/osx/GLUT.framework; sourceTree = "<group>"; };
		E4328143138ABC890047C5CB /* openFrameworksLib.xcodeproj */ = {isa = PBXFileReference; lastKnownFileType = "wrapper.pb-project"; name = openFrameworksLib.xcodeproj; path = ../../../libs/openFrameworksCompiled/project/osx/openFrameworksLib.xcodeproj; sourceTree = SOURCE_ROOT; };
		E45BE9710E8CC7DD009D7055 /* AGL.framework */ = {isa = PBXFileReference; lastKnownFileType = wrapper.framework; name = AGL.framework; path = /System/Library/Frameworks/AGL.framework; sourceTree = "<absolute>"; };
		E45BE9720E8CC7DD009D7055 /* ApplicationServices.framework */ = {isa = PBXFileReference; lastKnownFileType = wrapper.framework; name = ApplicationServices.framework; path = /System/Library/Frameworks/ApplicationServices.framework; sourceTree = "<absolute>"; };
		E45BE9730E8CC7DD009D7055 /* AudioToolbox.framework */ = {isa = PBXFileReference; lastKnownFileType = wrapper.framework; name = AudioToolbox.framework; path = /System/Library/Frameworks/AudioToolbox.framework; sourceTree = "<absolute>"; };
		E45BE9740E8CC7DD009D7055 /* Carbon.framework */ = {isa = PBXFileReference; lastKnownFileType = wrapper.framework; name = Carbon.framework; path = /System/Library/Frameworks/Carbon.framework; sourceTree = "<absolute>"; };
		E45BE9750E8CC7DD009D7055 /* CoreAudio.framework */ = {isa = PBXFileReference; lastKnownFileType = wrapper.framework; name = CoreAudio.framework; path = /System/Library/Frameworks/CoreAudio.framework; sourceTree = "<absolute>"; };
		E45BE9760E8CC7DD009D7055 /* CoreFoundation.framework */ = {isa = PBXFileReference; lastKnownFileType = wrapper.framework; name = CoreFoundation.framework; path = /System/Library/Frameworks/CoreFoundation.framework; sourceTree = "<absolute>"; };
		E45BE9770E8CC7DD009D7055 /* CoreServices.framework */ = {isa = PBXFileReference; lastKnownFileType = wrapper.framework; name = CoreServices.framework; path = /System/Library/Frameworks/CoreServices.framework; sourceTree = "<absolute>"; };
		E45BE9790E8CC7DD009D7055 /* OpenGL.framework */ = {isa = PBXFileReference; lastKnownFileType = wrapper.framework; name = OpenGL.framework; path = /System/Library/Frameworks/OpenGL.framework; sourceTree = "<absolute>"; };
		E45BE97A0E8CC7DD009D7055 /* QuickTime.framework */ = {isa = PBXFileReference; lastKnownFileType = wrapper.framework; name = QuickTime.framework; path = /System/Library/Frameworks/QuickTime.framework; sourceTree = "<absolute>"; };
		E4B69B5B0A3A1756003C02F2 /* example-BodiesDebug.app */ = {isa = PBXFileReference; explicitFileType = wrapper.application; includeInIndex = 0; path = "example-BodiesDebug.app"; sourceTree = BUILT_PRODUCTS_DIR; };
		E4B69E1D0A3A1BDC003C02F2 /* main.cpp */ = {isa = PBXFileReference; fileEncoding = 30; lastKnownFileType = sourcecode.cpp.cpp; name = main.cpp; path = src/main.cpp; sourceTree = SOURCE_ROOT; };
		E4B69E1E0A3A1BDC003C02F2 /* testApp.cpp */ = {isa = PBXFileReference; explicitFileType = sourcecode.cpp.cpp; fileEncoding = 30; name = testApp.cpp; path = src/testApp.cpp; sourceTree = SOURCE_ROOT; };
		E4B69E1F0A3A1BDC003C02F2 /* testApp.h */ = {isa = PBXFileReference; fileEncoding = 30; lastKnownFileType = sourcecode.c.h; name = testApp.h; path = src/testApp.h; sourceTree = SOURCE_ROOT; };
		E4B6FCAD0C3E899E008CF71C /* openFrameworks-Info.plist */ = {isa = PBXFileReference; fileEncoding = 30; lastKnownFileType = text.plist.xml; path = "openFrameworks-Info.plist"; sourceTree = "<group>"; };
		E4C2424410CC5A17004149E2 /* AppKit.framework */ = {isa = PBXFileReference; lastKnownFileType = wrapper.framework; name = AppKit.framework; path = /System/Library/Frameworks/AppKit.framework; sourceTree = "<absolute>"; };
		E4C2424510CC5A17004149E2 /* Cocoa.framework */ = {isa = PBXFileReference; lastKnownFileType = wrapper.framework; name = Cocoa.framework; path = /System/Library/Frameworks/Cocoa.framework; sourceTree = "<absolute>"; };
		E4C2424610CC5A17004149E2 /* IOKit.framework */ = {isa = PBXFileReference; lastKnownFileType = wrapper.framework; name = IOKit.framework; path = /System/Library/Frameworks/IOKit.framework; sourceTree = "<absolute>"; };
		E4EB691F138AFCF100A09F29 /* CoreOF.xcconfig */ = {isa = PBXFileReference; fileEncoding = 4; lastKnownFileType = text.xcconfig; name = CoreOF.xcconfig; path = ../../../libs/openFrameworksCompiled/project/osx/CoreOF.xcconfig; sourceTree = SOURCE_ROOT; };
		E4EB6923138AFD0F00A09F29 /* Project.xcconfig */ = {isa = PBXFileReference; fileEncoding = 4; lastKnownFileType = text.xcconfig; path = Project.xcconfig; sourceTree = "<group>"; };
/* End PBXFileReference section */

/* Begin PBXFrameworksBuildPhase section */
		E4B69B590A3A1756003C02F2 /* Frameworks */ = {
			isa = PBXFrameworksBuildPhase;
			buildActionMask = 2147483647;
			files = (
				E4EB6799138ADC1D00A09F29 /* GLUT.framework in Frameworks */,
				E4328149138ABC9F0047C5CB /* openFrameworksDebug.a in Frameworks */,
				E45BE97B0E8CC7DD009D7055 /* AGL.framework in Frameworks */,
				E45BE97C0E8CC7DD009D7055 /* ApplicationServices.framework in Frameworks */,
				E45BE97D0E8CC7DD009D7055 /* AudioToolbox.framework in Frameworks */,
				E45BE97E0E8CC7DD009D7055 /* Carbon.framework in Frameworks */,
				E45BE97F0E8CC7DD009D7055 /* CoreAudio.framework in Frameworks */,
				E45BE9800E8CC7DD009D7055 /* CoreFoundation.framework in Frameworks */,
				E45BE9810E8CC7DD009D7055 /* CoreServices.framework in Frameworks */,
				E45BE9830E8CC7DD009D7055 /* OpenGL.framework in Frameworks */,
				E45BE9840E8CC7DD009D7055 /* QuickTime.framework in Frameworks */,
				E4C2424710CC5A17004149E2 /* AppKit.framework in Frameworks */,
				E4C2424810CC5A17004149E2 /* Cocoa.framework in Frameworks */,
				E4C2424910CC5A17004149E2 /* IOKit.framework in Frameworks */,
			);
			runOnlyForDeploymentPostprocessing = 0;
		};
/* End PBXFrameworksBuildPhase section */

/* Begin PBXGroup section */
		999DE362178ACBB8008AA1A4 /* libs */ = {
			isa = PBXGroup;
			children = (
				999DE363178ACBB8008AA1A4 /* Box2D */,
				999DE3C8178ACBB8008AA1A4 /* triangle */,
			);
			name = libs;
			path = ../libs;
			sourceTree = "<group>";
		};
		999DE363178ACBB8008AA1A4 /* Box2D */ = {
			isa = PBXGroup;
			children = (
				999DE364178ACBB8008AA1A4 /* Box2D.h */,
				999DE365178ACBB8008AA1A4 /* Collision */,
				999DE37D178ACBB8008AA1A4 /* Common */,
				999DE38B178ACBB8008AA1A4 /* Dynamics */,
				999DE3C5178ACBB8008AA1A4 /* Rope */,
			);
			path = Box2D;
			sourceTree = "<group>";
		};
		999DE365178ACBB8008AA1A4 /* Collision */ = {
			isa = PBXGroup;
			children = (
				999DE366178ACBB8008AA1A4 /* b2BroadPhase.cpp */,
				999DE367178ACBB8008AA1A4 /* b2BroadPhase.h */,
				999DE368178ACBB8008AA1A4 /* b2CollideCircle.cpp */,
				999DE369178ACBB8008AA1A4 /* b2CollideEdge.cpp */,
				999DE36A178ACBB8008AA1A4 /* b2CollidePolygon.cpp */,
				999DE36B178ACBB8008AA1A4 /* b2Collision.cpp */,
				999DE36C178ACBB8008AA1A4 /* b2Collision.h */,
				999DE36D178ACBB8008AA1A4 /* b2Distance.cpp */,
				999DE36E178ACBB8008AA1A4 /* b2Distance.h */,
				999DE36F178ACBB8008AA1A4 /* b2DynamicTree.cpp */,
				999DE370178ACBB8008AA1A4 /* b2DynamicTree.h */,
				999DE371178ACBB8008AA1A4 /* b2TimeOfImpact.cpp */,
				999DE372178ACBB8008AA1A4 /* b2TimeOfImpact.h */,
				999DE373178ACBB8008AA1A4 /* Shapes */,
			);
			path = Collision;
			sourceTree = "<group>";
		};
		999DE373178ACBB8008AA1A4 /* Shapes */ = {
			isa = PBXGroup;
			children = (
				999DE374178ACBB8008AA1A4 /* b2ChainShape.cpp */,
				999DE375178ACBB8008AA1A4 /* b2ChainShape.h */,
				999DE376178ACBB8008AA1A4 /* b2CircleShape.cpp */,
				999DE377178ACBB8008AA1A4 /* b2CircleShape.h */,
				999DE378178ACBB8008AA1A4 /* b2EdgeShape.cpp */,
				999DE379178ACBB8008AA1A4 /* b2EdgeShape.h */,
				999DE37A178ACBB8008AA1A4 /* b2PolygonShape.cpp */,
				999DE37B178ACBB8008AA1A4 /* b2PolygonShape.h */,
				999DE37C178ACBB8008AA1A4 /* b2Shape.h */,
			);
			path = Shapes;
			sourceTree = "<group>";
		};
		999DE37D178ACBB8008AA1A4 /* Common */ = {
			isa = PBXGroup;
			children = (
				999DE37E178ACBB8008AA1A4 /* b2BlockAllocator.cpp */,
				999DE37F178ACBB8008AA1A4 /* b2BlockAllocator.h */,
				999DE380178ACBB8008AA1A4 /* b2Draw.cpp */,
				999DE381178ACBB8008AA1A4 /* b2Draw.h */,
				999DE382178ACBB8008AA1A4 /* b2GrowableStack.h */,
				999DE383178ACBB8008AA1A4 /* b2Math.cpp */,
				999DE384178ACBB8008AA1A4 /* b2Math.h */,
				999DE385178ACBB8008AA1A4 /* b2Settings.cpp */,
				999DE386178ACBB8008AA1A4 /* b2Settings.h */,
				999DE387178ACBB8008AA1A4 /* b2StackAllocator.cpp */,
				999DE388178ACBB8008AA1A4 /* b2StackAllocator.h */,
				999DE389178ACBB8008AA1A4 /* b2Timer.cpp */,
				999DE38A178ACBB8008AA1A4 /* b2Timer.h */,
			);
			path = Common;
			sourceTree = "<group>";
		};
		999DE38B178ACBB8008AA1A4 /* Dynamics */ = {
			isa = PBXGroup;
			children = (
				999DE38C178ACBB8008AA1A4 /* b2Body.cpp */,
				999DE38D178ACBB8008AA1A4 /* b2Body.h */,
				999DE38E178ACBB8008AA1A4 /* b2ContactManager.cpp */,
				999DE38F178ACBB8008AA1A4 /* b2ContactManager.h */,
				999DE390178ACBB8008AA1A4 /* b2Fixture.cpp */,
				999DE391178ACBB8008AA1A4 /* b2Fixture.h */,
				999DE392178ACBB8008AA1A4 /* b2Island.cpp */,
				999DE393178ACBB8008AA1A4 /* b2Island.h */,
				999DE394178ACBB8008AA1A4 /* b2TimeStep.h */,
				999DE395178ACBB8008AA1A4 /* b2World.cpp */,
				999DE396178ACBB8008AA1A4 /* b2World.h */,
				999DE397178ACBB8008AA1A4 /* b2WorldCallbacks.cpp */,
				999DE398178ACBB8008AA1A4 /* b2WorldCallbacks.h */,
				999DE399178ACBB8008AA1A4 /* Contacts */,
				999DE3AC178ACBB8008AA1A4 /* Joints */,
			);
			path = Dynamics;
			sourceTree = "<group>";
		};
		999DE399178ACBB8008AA1A4 /* Contacts */ = {
			isa = PBXGroup;
			children = (
				999DE39A178ACBB8008AA1A4 /* b2ChainAndCircleContact.cpp */,
				999DE39B178ACBB8008AA1A4 /* b2ChainAndCircleContact.h */,
				999DE39C178ACBB8008AA1A4 /* b2ChainAndPolygonContact.cpp */,
				999DE39D178ACBB8008AA1A4 /* b2ChainAndPolygonContact.h */,
				999DE39E178ACBB8008AA1A4 /* b2CircleContact.cpp */,
				999DE39F178ACBB8008AA1A4 /* b2CircleContact.h */,
				999DE3A0178ACBB8008AA1A4 /* b2Contact.cpp */,
				999DE3A1178ACBB8008AA1A4 /* b2Contact.h */,
				999DE3A2178ACBB8008AA1A4 /* b2ContactSolver.cpp */,
				999DE3A3178ACBB8008AA1A4 /* b2ContactSolver.h */,
				999DE3A4178ACBB8008AA1A4 /* b2EdgeAndCircleContact.cpp */,
				999DE3A5178ACBB8008AA1A4 /* b2EdgeAndCircleContact.h */,
				999DE3A6178ACBB8008AA1A4 /* b2EdgeAndPolygonContact.cpp */,
				999DE3A7178ACBB8008AA1A4 /* b2EdgeAndPolygonContact.h */,
				999DE3A8178ACBB8008AA1A4 /* b2PolygonAndCircleContact.cpp */,
				999DE3A9178ACBB8008AA1A4 /* b2PolygonAndCircleContact.h */,
				999DE3AA178ACBB8008AA1A4 /* b2PolygonContact.cpp */,
				999DE3AB178ACBB8008AA1A4 /* b2PolygonContact.h */,
			);
			path = Contacts;
			sourceTree = "<group>";
		};
		999DE3AC178ACBB8008AA1A4 /* Joints */ = {
			isa = PBXGroup;
			children = (
				999DE3AD178ACBB8008AA1A4 /* b2DistanceJoint.cpp */,
				999DE3AE178ACBB8008AA1A4 /* b2DistanceJoint.h */,
				999DE3AF178ACBB8008AA1A4 /* b2FrictionJoint.cpp */,
				999DE3B0178ACBB8008AA1A4 /* b2FrictionJoint.h */,
				999DE3B1178ACBB8008AA1A4 /* b2GearJoint.cpp */,
				999DE3B2178ACBB8008AA1A4 /* b2GearJoint.h */,
				999DE3B3178ACBB8008AA1A4 /* b2Joint.cpp */,
				999DE3B4178ACBB8008AA1A4 /* b2Joint.h */,
				999DE3B5178ACBB8008AA1A4 /* b2MotorJoint.cpp */,
				999DE3B6178ACBB8008AA1A4 /* b2MotorJoint.h */,
				999DE3B7178ACBB8008AA1A4 /* b2MouseJoint.cpp */,
				999DE3B8178ACBB8008AA1A4 /* b2MouseJoint.h */,
				999DE3B9178ACBB8008AA1A4 /* b2PrismaticJoint.cpp */,
				999DE3BA178ACBB8008AA1A4 /* b2PrismaticJoint.h */,
				999DE3BB178ACBB8008AA1A4 /* b2PulleyJoint.cpp */,
				999DE3BC178ACBB8008AA1A4 /* b2PulleyJoint.h */,
				999DE3BD178ACBB8008AA1A4 /* b2RevoluteJoint.cpp */,
				999DE3BE178ACBB8008AA1A4 /* b2RevoluteJoint.h */,
				999DE3BF178ACBB8008AA1A4 /* b2RopeJoint.cpp */,
				999DE3C0178ACBB8008AA1A4 /* b2RopeJoint.h */,
				999DE3C1178ACBB8008AA1A4 /* b2WeldJoint.cpp */,
				999DE3C2178ACBB8008AA1A4 /* b2WeldJoint.h */,
				999DE3C3178ACBB8008AA1A4 /* b2WheelJoint.cpp */,
				999DE3C4178ACBB8008AA1A4 /* b2WheelJoint.h */,
			);
			path = Joints;
			sourceTree = "<group>";
		};
		999DE3C5178ACBB8008AA1A4 /* Rope */ = {
			isa = PBXGroup;
			children = (
				999DE3C6178ACBB8008AA1A4 /* b2Rope.cpp */,
				999DE3C7178ACBB8008AA1A4 /* b2Rope.h */,
			);
			path = Rope;
			sourceTree = "<group>";
		};
		999DE3C8178ACBB8008AA1A4 /* triangle */ = {
			isa = PBXGroup;
			children = (
				999DE3C9178ACBB8008AA1A4 /* assert.hpp */,
				999DE3CA178ACBB8008AA1A4 /* del_impl.cpp */,
				999DE3CB178ACBB8008AA1A4 /* del_interface.hpp */,
				999DE3CC178ACBB8008AA1A4 /* dpoint.hpp */,
				999DE3CD178ACBB8008AA1A4 /* triangle.h */,
				999DE3CE178ACBB8008AA1A4 /* triangle_impl.hpp */,
			);
			path = triangle;
			sourceTree = "<group>";
		};
		999DE3CF178ACBB8008AA1A4 /* src */ = {
			isa = PBXGroup;
			children = (
				999DE3D0178ACBB8008AA1A4 /* ofxBox2d.cpp */,
				999DE3D1178ACBB8008AA1A4 /* ofxBox2d.h */,
				999DE3D2178ACBB8008AA1A4 /* ofxBox2dBaseShape.cpp */,
				999DE3D3178ACBB8008AA1A4 /* ofxBox2dBaseShape.h */,
				999DE3D4178ACBB8008AA1A4 /* ofxBox2dCircle.cpp */,
				999DE3D5178ACBB8008AA1A4 /* ofxBox2dCircle.h */,
				999DE3D6178ACBB8008AA1A4 /* ofxBox2dContactListener.h */,
				999DE3D7178ACBB8008AA1A4 /* ofxBox2dJoint.cpp */,
				999DE3D8178ACBB8008AA1A4 /* ofxBox2dJoint.h */,
				999DE3D9178ACBB8008AA1A4 /* ofxBox2dPolygon.cpp */,
				999DE3DA178ACBB8008AA1A4 /* ofxBox2dPolygon.h */,
				999DE3DB178ACBB8008AA1A4 /* ofxBox2dPolygonUtils.h */,
				999DE3DC178ACBB8008AA1A4 /* ofxBox2dRect.cpp */,
				999DE3DD178ACBB8008AA1A4 /* ofxBox2dRect.h */,
				999DE3DE178ACBB8008AA1A4 /* ofxBox2dRender.h */,
				999DE3DF178ACBB8008AA1A4 /* ofxBox2dUtils.h */,
			);
			name = src;
			path = ../src;
			sourceTree = "<group>";
		};
		BB4B014C10F69532006C3DED /* addons */ = {
			isa = PBXGroup;
			children = (
				bd1b24c549bfa7d54bc59de3c6921b7c /* ofxBox2d */,
			);
			name = addons;
			sourceTree = "<group>";
		};
		BBAB23C913894ECA00AA2426 /* system frameworks */ = {
			isa = PBXGroup;
			children = (
				E4C2424410CC5A17004149E2 /* AppKit.framework */,
				E4C2424510CC5A17004149E2 /* Cocoa.framework */,
				E4C2424610CC5A17004149E2 /* IOKit.framework */,
				E45BE9710E8CC7DD009D7055 /* AGL.framework */,
				E45BE9720E8CC7DD009D7055 /* ApplicationServices.framework */,
				E45BE9730E8CC7DD009D7055 /* AudioToolbox.framework */,
				E45BE9740E8CC7DD009D7055 /* Carbon.framework */,
				E45BE9750E8CC7DD009D7055 /* CoreAudio.framework */,
				E45BE9760E8CC7DD009D7055 /* CoreFoundation.framework */,
				E45BE9770E8CC7DD009D7055 /* CoreServices.framework */,
				E45BE9790E8CC7DD009D7055 /* OpenGL.framework */,
				E45BE97A0E8CC7DD009D7055 /* QuickTime.framework */,
			);
			name = "system frameworks";
			sourceTree = "<group>";
		};
		BBAB23CA13894EDB00AA2426 /* 3rd party frameworks */ = {
			isa = PBXGroup;
			children = (
				BBAB23BE13894E4700AA2426 /* GLUT.framework */,
			);
			name = "3rd party frameworks";
			sourceTree = "<group>";
		};
		E4328144138ABC890047C5CB /* Products */ = {
			isa = PBXGroup;
			children = (
				E4328148138ABC890047C5CB /* openFrameworksDebug.a */,
			);
			name = Products;
			sourceTree = "<group>";
		};
		E45BE5980E8CC70C009D7055 /* frameworks */ = {
			isa = PBXGroup;
			children = (
				BBAB23CA13894EDB00AA2426 /* 3rd party frameworks */,
				BBAB23C913894ECA00AA2426 /* system frameworks */,
			);
			name = frameworks;
			sourceTree = "<group>";
		};
		E4B69B4A0A3A1720003C02F2 = {
			isa = PBXGroup;
			children = (
				E4B6FCAD0C3E899E008CF71C /* openFrameworks-Info.plist */,
				E4EB6923138AFD0F00A09F29 /* Project.xcconfig */,
				E4B69E1C0A3A1BDC003C02F2 /* src */,
				E4EEC9E9138DF44700A80321 /* openFrameworks */,
				BB4B014C10F69532006C3DED /* addons */,
				E45BE5980E8CC70C009D7055 /* frameworks */,
				E4B69B5B0A3A1756003C02F2 /* example-BodiesDebug.app */,
			);
			sourceTree = "<group>";
		};
		E4B69E1C0A3A1BDC003C02F2 /* src */ = {
			isa = PBXGroup;
			children = (
				E4B69E1D0A3A1BDC003C02F2 /* main.cpp */,
				E4B69E1E0A3A1BDC003C02F2 /* testApp.cpp */,
				E4B69E1F0A3A1BDC003C02F2 /* testApp.h */,
			);
			path = src;
			sourceTree = SOURCE_ROOT;
		};
		E4EEC9E9138DF44700A80321 /* openFrameworks */ = {
			isa = PBXGroup;
			children = (
				E4EB691F138AFCF100A09F29 /* CoreOF.xcconfig */,
				E4328143138ABC890047C5CB /* openFrameworksLib.xcodeproj */,
			);
			name = openFrameworks;
			sourceTree = "<group>";
		};
		bd1b24c549bfa7d54bc59de3c6921b7c /* ofxBox2d */ = {
			isa = PBXGroup;
			children = (
				999DE362178ACBB8008AA1A4 /* libs */,
				999DE3CF178ACBB8008AA1A4 /* src */,
			);
			name = ofxBox2d;
			sourceTree = "<group>";
		};
/* End PBXGroup section */

/* Begin PBXNativeTarget section */
		E4B69B5A0A3A1756003C02F2 /* example-Bodies */ = {
			isa = PBXNativeTarget;
			buildConfigurationList = E4B69B5F0A3A1757003C02F2 /* Build configuration list for PBXNativeTarget "example-Bodies" */;
			buildPhases = (
				E4B69B580A3A1756003C02F2 /* Sources */,
				E4B69B590A3A1756003C02F2 /* Frameworks */,
				E4B6FFFD0C3F9AB9008CF71C /* ShellScript */,
				E4C2427710CC5ABF004149E2 /* CopyFiles */,
			);
			buildRules = (
			);
			dependencies = (
				E4EEB9AC138B136A00A80321 /* PBXTargetDependency */,
			);
			name = "example-Bodies";
			productName = myOFApp;
			productReference = E4B69B5B0A3A1756003C02F2 /* example-BodiesDebug.app */;
			productType = "com.apple.product-type.application";
		};
/* End PBXNativeTarget section */

/* Begin PBXProject section */
		E4B69B4C0A3A1720003C02F2 /* Project object */ = {
			isa = PBXProject;
			buildConfigurationList = E4B69B4D0A3A1720003C02F2 /* Build configuration list for PBXProject "example-Bodies" */;
			compatibilityVersion = "Xcode 2.4";
			developmentRegion = English;
			hasScannedForEncodings = 0;
			knownRegions = (
				English,
				Japanese,
				French,
				German,
			);
			mainGroup = E4B69B4A0A3A1720003C02F2;
			productRefGroup = E4B69B4A0A3A1720003C02F2;
			projectDirPath = "";
			projectReferences = (
				{
					ProductGroup = E4328144138ABC890047C5CB /* Products */;
					ProjectRef = E4328143138ABC890047C5CB /* openFrameworksLib.xcodeproj */;
				},
			);
			projectRoot = "";
			targets = (
				E4B69B5A0A3A1756003C02F2 /* example-Bodies */,
			);
		};
/* End PBXProject section */

/* Begin PBXReferenceProxy section */
		E4328148138ABC890047C5CB /* openFrameworksDebug.a */ = {
			isa = PBXReferenceProxy;
			fileType = archive.ar;
			path = openFrameworksDebug.a;
			remoteRef = E4328147138ABC890047C5CB /* PBXContainerItemProxy */;
			sourceTree = BUILT_PRODUCTS_DIR;
		};
/* End PBXReferenceProxy section */

/* Begin PBXShellScriptBuildPhase section */
		E4B6FFFD0C3F9AB9008CF71C /* ShellScript */ = {
			isa = PBXShellScriptBuildPhase;
			buildActionMask = 2147483647;
			files = (
			);
			inputPaths = (
			);
			outputPaths = (
			);
			runOnlyForDeploymentPostprocessing = 0;
			shellPath = /bin/sh;
			shellScript = "cp -f ../../../libs/fmodex/lib/osx/libfmodex.dylib \"$TARGET_BUILD_DIR/$PRODUCT_NAME.app/Contents/MacOS/libfmodex.dylib\"; install_name_tool -change ./libfmodex.dylib @executable_path/libfmodex.dylib \"$TARGET_BUILD_DIR/$PRODUCT_NAME.app/Contents/MacOS/$PRODUCT_NAME\";";
		};
/* End PBXShellScriptBuildPhase section */

/* Begin PBXSourcesBuildPhase section */
		E4B69B580A3A1756003C02F2 /* Sources */ = {
			isa = PBXSourcesBuildPhase;
			buildActionMask = 2147483647;
			files = (
				E4B69E200A3A1BDC003C02F2 /* main.cpp in Sources */,
				E4B69E210A3A1BDC003C02F2 /* testApp.cpp in Sources */,
				999DE3E0178ACBB8008AA1A4 /* b2BroadPhase.cpp in Sources */,
				999DE3E1178ACBB8008AA1A4 /* b2CollideCircle.cpp in Sources */,
				999DE3E2178ACBB8008AA1A4 /* b2CollideEdge.cpp in Sources */,
				999DE3E3178ACBB8008AA1A4 /* b2CollidePolygon.cpp in Sources */,
				999DE3E4178ACBB8008AA1A4 /* b2Collision.cpp in Sources */,
				999DE3E5178ACBB8008AA1A4 /* b2Distance.cpp in Sources */,
				999DE3E6178ACBB8008AA1A4 /* b2DynamicTree.cpp in Sources */,
				999DE3E7178ACBB8008AA1A4 /* b2TimeOfImpact.cpp in Sources */,
				999DE3E8178ACBB8008AA1A4 /* b2ChainShape.cpp in Sources */,
				999DE3E9178ACBB8008AA1A4 /* b2CircleShape.cpp in Sources */,
				999DE3EA178ACBB8008AA1A4 /* b2EdgeShape.cpp in Sources */,
				999DE3EB178ACBB8008AA1A4 /* b2PolygonShape.cpp in Sources */,
				999DE3EC178ACBB8008AA1A4 /* b2BlockAllocator.cpp in Sources */,
				999DE3ED178ACBB8008AA1A4 /* b2Draw.cpp in Sources */,
				999DE3EE178ACBB8008AA1A4 /* b2Math.cpp in Sources */,
				999DE3EF178ACBB8008AA1A4 /* b2Settings.cpp in Sources */,
				999DE3F0178ACBB8008AA1A4 /* b2StackAllocator.cpp in Sources */,
				999DE3F1178ACBB8008AA1A4 /* b2Timer.cpp in Sources */,
				999DE3F2178ACBB8008AA1A4 /* b2Body.cpp in Sources */,
				999DE3F3178ACBB8008AA1A4 /* b2ContactManager.cpp in Sources */,
				999DE3F4178ACBB8008AA1A4 /* b2Fixture.cpp in Sources */,
				999DE3F5178ACBB8008AA1A4 /* b2Island.cpp in Sources */,
				999DE3F6178ACBB8008AA1A4 /* b2World.cpp in Sources */,
				999DE3F7178ACBB8008AA1A4 /* b2WorldCallbacks.cpp in Sources */,
				999DE3F8178ACBB8008AA1A4 /* b2ChainAndCircleContact.cpp in Sources */,
				999DE3F9178ACBB8008AA1A4 /* b2ChainAndPolygonContact.cpp in Sources */,
				999DE3FA178ACBB8008AA1A4 /* b2CircleContact.cpp in Sources */,
				999DE3FB178ACBB8008AA1A4 /* b2Contact.cpp in Sources */,
				999DE3FC178ACBB8008AA1A4 /* b2ContactSolver.cpp in Sources */,
				999DE3FD178ACBB8008AA1A4 /* b2EdgeAndCircleContact.cpp in Sources */,
				999DE3FE178ACBB8008AA1A4 /* b2EdgeAndPolygonContact.cpp in Sources */,
				999DE3FF178ACBB8008AA1A4 /* b2PolygonAndCircleContact.cpp in Sources */,
				999DE400178ACBB8008AA1A4 /* b2PolygonContact.cpp in Sources */,
				999DE401178ACBB8008AA1A4 /* b2DistanceJoint.cpp in Sources */,
				999DE402178ACBB8008AA1A4 /* b2FrictionJoint.cpp in Sources */,
				999DE403178ACBB8008AA1A4 /* b2GearJoint.cpp in Sources */,
				999DE404178ACBB8008AA1A4 /* b2Joint.cpp in Sources */,
				999DE405178ACBB8008AA1A4 /* b2MotorJoint.cpp in Sources */,
				999DE406178ACBB8008AA1A4 /* b2MouseJoint.cpp in Sources */,
				999DE407178ACBB8008AA1A4 /* b2PrismaticJoint.cpp in Sources */,
				999DE408178ACBB8008AA1A4 /* b2PulleyJoint.cpp in Sources */,
				999DE409178ACBB8008AA1A4 /* b2RevoluteJoint.cpp in Sources */,
				999DE40A178ACBB8008AA1A4 /* b2RopeJoint.cpp in Sources */,
				999DE40B178ACBB8008AA1A4 /* b2WeldJoint.cpp in Sources */,
				999DE40C178ACBB8008AA1A4 /* b2WheelJoint.cpp in Sources */,
				999DE40D178ACBB8008AA1A4 /* b2Rope.cpp in Sources */,
				999DE40E178ACBB8008AA1A4 /* del_impl.cpp in Sources */,
				999DE40F178ACBB8008AA1A4 /* ofxBox2d.cpp in Sources */,
				999DE410178ACBB8008AA1A4 /* ofxBox2dBaseShape.cpp in Sources */,
				999DE411178ACBB8008AA1A4 /* ofxBox2dCircle.cpp in Sources */,
				999DE412178ACBB8008AA1A4 /* ofxBox2dJoint.cpp in Sources */,
				999DE413178ACBB8008AA1A4 /* ofxBox2dPolygon.cpp in Sources */,
				999DE414178ACBB8008AA1A4 /* ofxBox2dRect.cpp in Sources */,
			);
			runOnlyForDeploymentPostprocessing = 0;
		};
/* End PBXSourcesBuildPhase section */

/* Begin PBXTargetDependency section */
		E4EEB9AC138B136A00A80321 /* PBXTargetDependency */ = {
			isa = PBXTargetDependency;
			name = openFrameworks;
			targetProxy = E4EEB9AB138B136A00A80321 /* PBXContainerItemProxy */;
		};
/* End PBXTargetDependency section */

/* Begin XCBuildConfiguration section */
		E4B69B4E0A3A1720003C02F2 /* Debug */ = {
			isa = XCBuildConfiguration;
			baseConfigurationReference = E4EB6923138AFD0F00A09F29 /* Project.xcconfig */;
			buildSettings = {
				ARCHS = "$(NATIVE_ARCH)";
				CONFIGURATION_BUILD_DIR = "$(SRCROOT)/bin/";
				COPY_PHASE_STRIP = NO;
				DEAD_CODE_STRIPPING = YES;
				GCC_AUTO_VECTORIZATION = YES;
				GCC_ENABLE_SSE3_EXTENSIONS = YES;
				GCC_ENABLE_SUPPLEMENTAL_SSE3_INSTRUCTIONS = YES;
				GCC_INLINES_ARE_PRIVATE_EXTERN = NO;
				GCC_OPTIMIZATION_LEVEL = 0;
				GCC_SYMBOLS_PRIVATE_EXTERN = NO;
				GCC_WARN_ABOUT_DEPRECATED_FUNCTIONS = NO;
				GCC_WARN_ABOUT_INVALID_OFFSETOF_MACRO = NO;
				GCC_WARN_ALLOW_INCOMPLETE_PROTOCOL = NO;
				GCC_WARN_UNINITIALIZED_AUTOS = NO;
				GCC_WARN_UNUSED_VALUE = NO;
				GCC_WARN_UNUSED_VARIABLE = NO;
				HEADER_SEARCH_PATHS = (
					"$(OF_CORE_HEADERS)",
					src,
					../../../addons/ofxBox2d/libs,
					../../../addons/ofxBox2d/libs/Box2D,
					../../../addons/ofxBox2d/libs/Box2D/Collision,
					../../../addons/ofxBox2d/libs/Box2D/Collision/Shapes,
					../../../addons/ofxBox2d/libs/Box2D/Common,
					../../../addons/ofxBox2d/libs/Box2D/Dynamics,
					../../../addons/ofxBox2d/libs/Box2D/Dynamics/Contacts,
					../../../addons/ofxBox2d/libs/Box2D/Dynamics/Joints,
					../../../addons/ofxBox2d/libs/triangle,
					../../../addons/ofxBox2d/src,
				);
				OTHER_CPLUSPLUSFLAGS = (
					"-D__MACOSX_CORE__",
					"-lpthread",
					"-mtune=native",
				);
			};
			name = Debug;
		};
		E4B69B4F0A3A1720003C02F2 /* Release */ = {
			isa = XCBuildConfiguration;
			baseConfigurationReference = E4EB6923138AFD0F00A09F29 /* Project.xcconfig */;
			buildSettings = {
				ARCHS = "$(NATIVE_ARCH)";
				CONFIGURATION_BUILD_DIR = "$(SRCROOT)/bin/";
				COPY_PHASE_STRIP = YES;
				DEAD_CODE_STRIPPING = YES;
				GCC_AUTO_VECTORIZATION = YES;
				GCC_ENABLE_SSE3_EXTENSIONS = YES;
				GCC_ENABLE_SUPPLEMENTAL_SSE3_INSTRUCTIONS = YES;
				GCC_INLINES_ARE_PRIVATE_EXTERN = NO;
				GCC_OPTIMIZATION_LEVEL = 3;
				GCC_SYMBOLS_PRIVATE_EXTERN = NO;
				GCC_UNROLL_LOOPS = YES;
				GCC_WARN_ABOUT_DEPRECATED_FUNCTIONS = NO;
				GCC_WARN_ABOUT_INVALID_OFFSETOF_MACRO = NO;
				GCC_WARN_ALLOW_INCOMPLETE_PROTOCOL = NO;
				GCC_WARN_UNINITIALIZED_AUTOS = NO;
				GCC_WARN_UNUSED_VALUE = NO;
				GCC_WARN_UNUSED_VARIABLE = NO;
				HEADER_SEARCH_PATHS = (
					"$(OF_CORE_HEADERS)",
					src,
					../../../addons/ofxBox2d/libs,
					../../../addons/ofxBox2d/libs/Box2D,
					../../../addons/ofxBox2d/libs/Box2D/Collision,
					../../../addons/ofxBox2d/libs/Box2D/Collision/Shapes,
					../../../addons/ofxBox2d/libs/Box2D/Common,
					../../../addons/ofxBox2d/libs/Box2D/Dynamics,
					../../../addons/ofxBox2d/libs/Box2D/Dynamics/Contacts,
					../../../addons/ofxBox2d/libs/Box2D/Dynamics/Joints,
					../../../addons/ofxBox2d/libs/triangle,
					../../../addons/ofxBox2d/src,
				);
				OTHER_CPLUSPLUSFLAGS = (
					"-D__MACOSX_CORE__",
					"-lpthread",
					"-mtune=native",
				);
			};
			name = Release;
		};
		E4B69B600A3A1757003C02F2 /* Debug */ = {
			isa = XCBuildConfiguration;
			buildSettings = {
				COPY_PHASE_STRIP = NO;
				FRAMEWORK_SEARCH_PATHS = (
					"$(inherited)",
					"$(FRAMEWORK_SEARCH_PATHS_QUOTED_FOR_TARGET_1)",
				);
				FRAMEWORK_SEARCH_PATHS_QUOTED_FOR_TARGET_1 = "\"$(SRCROOT)/../../../libs/glut/lib/osx\"";
				GCC_DYNAMIC_NO_PIC = NO;
				GCC_ENABLE_FIX_AND_CONTINUE = YES;
				GCC_GENERATE_DEBUGGING_SYMBOLS = YES;
				GCC_MODEL_TUNING = NONE;
				GCC_PRECOMPILE_PREFIX_HEADER = YES;
				GCC_PREFIX_HEADER = "$(SYSTEM_LIBRARY_DIR)/Frameworks/Carbon.framework/Headers/Carbon.h";
				INFOPLIST_FILE = "openFrameworks-Info.plist";
				INSTALL_PATH = "$(HOME)/Applications";
				LIBRARY_SEARCH_PATHS = (
					"$(inherited)",
					"$(LIBRARY_SEARCH_PATHS_QUOTED_FOR_TARGET_1)",
					"$(LIBRARY_SEARCH_PATHS_QUOTED_FOR_TARGET_2)",
					"$(LIBRARY_SEARCH_PATHS_QUOTED_FOR_TARGET_3)",
					"$(LIBRARY_SEARCH_PATHS_QUOTED_FOR_TARGET_4)",
					"$(LIBRARY_SEARCH_PATHS_QUOTED_FOR_TARGET_5)",
					"$(LIBRARY_SEARCH_PATHS_QUOTED_FOR_TARGET_6)",
					"$(LIBRARY_SEARCH_PATHS_QUOTED_FOR_TARGET_7)",
					"$(LIBRARY_SEARCH_PATHS_QUOTED_FOR_TARGET_8)",
					"$(LIBRARY_SEARCH_PATHS_QUOTED_FOR_TARGET_9)",
					"$(LIBRARY_SEARCH_PATHS_QUOTED_FOR_TARGET_10)",
					"$(LIBRARY_SEARCH_PATHS_QUOTED_FOR_TARGET_11)",
					"$(LIBRARY_SEARCH_PATHS_QUOTED_FOR_TARGET_12)",
					"$(LIBRARY_SEARCH_PATHS_QUOTED_FOR_TARGET_13)",
					"$(LIBRARY_SEARCH_PATHS_QUOTED_FOR_TARGET_14)",
					"$(LIBRARY_SEARCH_PATHS_QUOTED_FOR_TARGET_15)",
					"$(LIBRARY_SEARCH_PATHS_QUOTED_FOR_TARGET_2)",
					"$(LIBRARY_SEARCH_PATHS_QUOTED_FOR_TARGET_3)",
					"$(LIBRARY_SEARCH_PATHS_QUOTED_FOR_TARGET_7)",
					"$(LIBRARY_SEARCH_PATHS_QUOTED_FOR_TARGET_8)",
					"$(LIBRARY_SEARCH_PATHS_QUOTED_FOR_TARGET_9)",
					"$(LIBRARY_SEARCH_PATHS_QUOTED_FOR_TARGET_10)",
					"$(LIBRARY_SEARCH_PATHS_QUOTED_FOR_TARGET_11)",
					"$(LIBRARY_SEARCH_PATHS_QUOTED_FOR_TARGET_12)",
					"$(LIBRARY_SEARCH_PATHS_QUOTED_FOR_TARGET_13)",
					"$(LIBRARY_SEARCH_PATHS_QUOTED_FOR_TARGET_16)",
					"$(LIBRARY_SEARCH_PATHS_QUOTED_FOR_TARGET_17)",
					"$(LIBRARY_SEARCH_PATHS_QUOTED_FOR_TARGET_18)",
					"$(LIBRARY_SEARCH_PATHS_QUOTED_FOR_TARGET_19)",
					"$(LIBRARY_SEARCH_PATHS_QUOTED_FOR_TARGET_20)",
					"$(LIBRARY_SEARCH_PATHS_QUOTED_FOR_TARGET_21)",
					"$(LIBRARY_SEARCH_PATHS_QUOTED_FOR_TARGET_22)",
					"$(LIBRARY_SEARCH_PATHS_QUOTED_FOR_TARGET_23)",
					"$(LIBRARY_SEARCH_PATHS_QUOTED_FOR_TARGET_24)",
					"$(LIBRARY_SEARCH_PATHS_QUOTED_FOR_TARGET_25)",
					"$(LIBRARY_SEARCH_PATHS_QUOTED_FOR_TARGET_26)",
					"$(LIBRARY_SEARCH_PATHS_QUOTED_FOR_TARGET_27)",
					"$(LIBRARY_SEARCH_PATHS_QUOTED_FOR_TARGET_28)",
					"$(LIBRARY_SEARCH_PATHS_QUOTED_FOR_TARGET_29)",
					"$(LIBRARY_SEARCH_PATHS_QUOTED_FOR_TARGET_30)",
					"$(LIBRARY_SEARCH_PATHS_QUOTED_FOR_TARGET_31)",
					"$(LIBRARY_SEARCH_PATHS_QUOTED_FOR_TARGET_32)",
					"$(LIBRARY_SEARCH_PATHS_QUOTED_FOR_TARGET_33)",
					"$(LIBRARY_SEARCH_PATHS_QUOTED_FOR_TARGET_34)",
					"$(LIBRARY_SEARCH_PATHS_QUOTED_FOR_TARGET_35)",
					"$(LIBRARY_SEARCH_PATHS_QUOTED_FOR_TARGET_36)",
					"$(LIBRARY_SEARCH_PATHS_QUOTED_FOR_TARGET_37)",
					"$(LIBRARY_SEARCH_PATHS_QUOTED_FOR_TARGET_38)",
					"$(LIBRARY_SEARCH_PATHS_QUOTED_FOR_TARGET_39)",
					"$(LIBRARY_SEARCH_PATHS_QUOTED_FOR_TARGET_40)",
					"$(LIBRARY_SEARCH_PATHS_QUOTED_FOR_TARGET_41)",
					"$(LIBRARY_SEARCH_PATHS_QUOTED_FOR_TARGET_42)",
					"$(LIBRARY_SEARCH_PATHS_QUOTED_FOR_TARGET_43)",
					"$(LIBRARY_SEARCH_PATHS_QUOTED_FOR_TARGET_44)",
					"$(LIBRARY_SEARCH_PATHS_QUOTED_FOR_TARGET_45)",
					"$(LIBRARY_SEARCH_PATHS_QUOTED_FOR_TARGET_46)",
					"$(LIBRARY_SEARCH_PATHS_QUOTED_FOR_TARGET_47)",
					"$(LIBRARY_SEARCH_PATHS_QUOTED_FOR_TARGET_48)",
					"$(LIBRARY_SEARCH_PATHS_QUOTED_FOR_TARGET_49)",
					"$(LIBRARY_SEARCH_PATHS_QUOTED_FOR_TARGET_50)",
					"$(LIBRARY_SEARCH_PATHS_QUOTED_FOR_TARGET_51)",
					"$(LIBRARY_SEARCH_PATHS_QUOTED_FOR_TARGET_52)",
				);
				PREBINDING = NO;
				PRODUCT_NAME = "$(TARGET_NAME)Debug";
				WRAPPER_EXTENSION = app;
			};
			name = Debug;
		};
		E4B69B610A3A1757003C02F2 /* Release */ = {
			isa = XCBuildConfiguration;
			buildSettings = {
				COPY_PHASE_STRIP = YES;
				FRAMEWORK_SEARCH_PATHS = (
					"$(inherited)",
					"$(FRAMEWORK_SEARCH_PATHS_QUOTED_FOR_TARGET_1)",
				);
				FRAMEWORK_SEARCH_PATHS_QUOTED_FOR_TARGET_1 = "\"$(SRCROOT)/../../../libs/glut/lib/osx\"";
				GCC_ENABLE_FIX_AND_CONTINUE = NO;
				GCC_GENERATE_DEBUGGING_SYMBOLS = YES;
				GCC_MODEL_TUNING = NONE;
				GCC_PRECOMPILE_PREFIX_HEADER = YES;
				GCC_PREFIX_HEADER = "$(SYSTEM_LIBRARY_DIR)/Frameworks/Carbon.framework/Headers/Carbon.h";
				INFOPLIST_FILE = "openFrameworks-Info.plist";
				INSTALL_PATH = "$(HOME)/Applications";
				LIBRARY_SEARCH_PATHS = (
					"$(inherited)",
					"$(LIBRARY_SEARCH_PATHS_QUOTED_FOR_TARGET_1)",
					"$(LIBRARY_SEARCH_PATHS_QUOTED_FOR_TARGET_2)",
					"$(LIBRARY_SEARCH_PATHS_QUOTED_FOR_TARGET_3)",
					"$(LIBRARY_SEARCH_PATHS_QUOTED_FOR_TARGET_4)",
					"$(LIBRARY_SEARCH_PATHS_QUOTED_FOR_TARGET_5)",
					"$(LIBRARY_SEARCH_PATHS_QUOTED_FOR_TARGET_6)",
					"$(LIBRARY_SEARCH_PATHS_QUOTED_FOR_TARGET_7)",
					"$(LIBRARY_SEARCH_PATHS_QUOTED_FOR_TARGET_8)",
					"$(LIBRARY_SEARCH_PATHS_QUOTED_FOR_TARGET_9)",
					"$(LIBRARY_SEARCH_PATHS_QUOTED_FOR_TARGET_10)",
					"$(LIBRARY_SEARCH_PATHS_QUOTED_FOR_TARGET_11)",
					"$(LIBRARY_SEARCH_PATHS_QUOTED_FOR_TARGET_12)",
					"$(LIBRARY_SEARCH_PATHS_QUOTED_FOR_TARGET_13)",
					"$(LIBRARY_SEARCH_PATHS_QUOTED_FOR_TARGET_14)",
					"$(LIBRARY_SEARCH_PATHS_QUOTED_FOR_TARGET_15)",
					"$(LIBRARY_SEARCH_PATHS_QUOTED_FOR_TARGET_2)",
					"$(LIBRARY_SEARCH_PATHS_QUOTED_1)",
					"$(LIBRARY_SEARCH_PATHS_QUOTED_FOR_TARGET_3)",
					"$(LIBRARY_SEARCH_PATHS_QUOTED_FOR_TARGET_7)",
					"$(LIBRARY_SEARCH_PATHS_QUOTED_FOR_TARGET_8)",
					"$(LIBRARY_SEARCH_PATHS_QUOTED_FOR_TARGET_9)",
					"$(LIBRARY_SEARCH_PATHS_QUOTED_FOR_TARGET_10)",
					"$(LIBRARY_SEARCH_PATHS_QUOTED_FOR_TARGET_11)",
					"$(LIBRARY_SEARCH_PATHS_QUOTED_FOR_TARGET_12)",
					"$(LIBRARY_SEARCH_PATHS_QUOTED_FOR_TARGET_13)",
					"$(LIBRARY_SEARCH_PATHS_QUOTED_FOR_TARGET_16)",
					"$(LIBRARY_SEARCH_PATHS_QUOTED_FOR_TARGET_17)",
					"$(LIBRARY_SEARCH_PATHS_QUOTED_FOR_TARGET_18)",
					"$(LIBRARY_SEARCH_PATHS_QUOTED_FOR_TARGET_19)",
					"$(LIBRARY_SEARCH_PATHS_QUOTED_FOR_TARGET_20)",
					"$(LIBRARY_SEARCH_PATHS_QUOTED_FOR_TARGET_21)",
					"$(LIBRARY_SEARCH_PATHS_QUOTED_FOR_TARGET_22)",
					"$(LIBRARY_SEARCH_PATHS_QUOTED_FOR_TARGET_23)",
					"$(LIBRARY_SEARCH_PATHS_QUOTED_FOR_TARGET_24)",
					"$(LIBRARY_SEARCH_PATHS_QUOTED_FOR_TARGET_25)",
					"$(LIBRARY_SEARCH_PATHS_QUOTED_FOR_TARGET_26)",
					"$(LIBRARY_SEARCH_PATHS_QUOTED_FOR_TARGET_27)",
					"$(LIBRARY_SEARCH_PATHS_QUOTED_FOR_TARGET_28)",
					"$(LIBRARY_SEARCH_PATHS_QUOTED_FOR_TARGET_29)",
					"$(LIBRARY_SEARCH_PATHS_QUOTED_FOR_TARGET_30)",
					"$(LIBRARY_SEARCH_PATHS_QUOTED_FOR_TARGET_31)",
					"$(LIBRARY_SEARCH_PATHS_QUOTED_FOR_TARGET_32)",
					"$(LIBRARY_SEARCH_PATHS_QUOTED_FOR_TARGET_33)",
					"$(LIBRARY_SEARCH_PATHS_QUOTED_FOR_TARGET_34)",
					"$(LIBRARY_SEARCH_PATHS_QUOTED_FOR_TARGET_35)",
					"$(LIBRARY_SEARCH_PATHS_QUOTED_FOR_TARGET_36)",
					"$(LIBRARY_SEARCH_PATHS_QUOTED_FOR_TARGET_37)",
					"$(LIBRARY_SEARCH_PATHS_QUOTED_FOR_TARGET_38)",
					"$(LIBRARY_SEARCH_PATHS_QUOTED_FOR_TARGET_39)",
					"$(LIBRARY_SEARCH_PATHS_QUOTED_FOR_TARGET_40)",
					"$(LIBRARY_SEARCH_PATHS_QUOTED_FOR_TARGET_41)",
					"$(LIBRARY_SEARCH_PATHS_QUOTED_FOR_TARGET_42)",
					"$(LIBRARY_SEARCH_PATHS_QUOTED_FOR_TARGET_43)",
					"$(LIBRARY_SEARCH_PATHS_QUOTED_FOR_TARGET_44)",
					"$(LIBRARY_SEARCH_PATHS_QUOTED_FOR_TARGET_45)",
					"$(LIBRARY_SEARCH_PATHS_QUOTED_FOR_TARGET_46)",
					"$(LIBRARY_SEARCH_PATHS_QUOTED_FOR_TARGET_47)",
					"$(LIBRARY_SEARCH_PATHS_QUOTED_FOR_TARGET_48)",
					"$(LIBRARY_SEARCH_PATHS_QUOTED_FOR_TARGET_49)",
					"$(LIBRARY_SEARCH_PATHS_QUOTED_FOR_TARGET_50)",
					"$(LIBRARY_SEARCH_PATHS_QUOTED_FOR_TARGET_51)",
				);
				PREBINDING = NO;
				PRODUCT_NAME = "$(TARGET_NAME)";
				WRAPPER_EXTENSION = app;
			};
			name = Release;
		};
/* End XCBuildConfiguration section */

/* Begin XCConfigurationList section */
		E4B69B4D0A3A1720003C02F2 /* Build configuration list for PBXProject "example-Bodies" */ = {
			isa = XCConfigurationList;
			buildConfigurations = (
				E4B69B4E0A3A1720003C02F2 /* Debug */,
				E4B69B4F0A3A1720003C02F2 /* Release */,
			);
			defaultConfigurationIsVisible = 0;
			defaultConfigurationName = Release;
		};
		E4B69B5F0A3A1757003C02F2 /* Build configuration list for PBXNativeTarget "example-Bodies" */ = {
			isa = XCConfigurationList;
			buildConfigurations = (
				E4B69B600A3A1757003C02F2 /* Debug */,
				E4B69B610A3A1757003C02F2 /* Release */,
			);
			defaultConfigurationIsVisible = 0;
			defaultConfigurationName = Release;
		};
/* End XCConfigurationList section */
	};
	rootObject = E4B69B4C0A3A1720003C02F2 /* Project object */;
}
